
Microsoft Visual Studio Solution File, Format Version 12.00
# Visual Studio Version 16
VisualStudioVersion = 16.0.29324.140
MinimumVisualStudioVersion = 10.0.40219.1
Project("{FAE04EC0-301F-11D3-BF4B-00C04F79EFBC}") = "CSharp Ödev 2", "CSharp Ödev 2\CSharp Ödev 2.csproj", "{21C8819C-6B4E-43D3-9FEF-C45EFCD80C37}"
EndProject
Global
	GlobalSection(SolutionConfigurationPlatforms) = preSolution
		Debug|Any CPU = Debug|Any CPU
		Release|Any CPU = Release|Any CPU
	EndGlobalSection
	GlobalSection(ProjectConfigurationPlatforms) = postSolution
		{21C8819C-6B4E-43D3-9FEF-C45EFCD80C37}.Debug|Any CPU.ActiveCfg = Debug|Any CPU
		{21C8819C-6B4E-43D3-9FEF-C45EFCD80C37}.Debug|Any CPU.Build.0 = Debug|Any CPU
		{21C8819C-6B4E-43D3-9FEF-C45EFCD80C37}.Release|Any CPU.ActiveCfg = Release|Any CPU
		{21C8819C-6B4E-43D3-9FEF-C45EFCD80C37}.Release|Any CPU.Build.0 = Release|Any CPU
	EndGlobalSection
	GlobalSection(SolutionProperties) = preSolution
		HideSolutionNode = FALSE
	EndGlobalSection
	GlobalSection(ExtensibilityGlobals) = postSolution
		SolutionGuid = {493EC3A0-29DE-4F03-B5BC-EC199568CEDA}
	EndGlobalSection
EndGlobal
